
Microsoft Visual Studio Solution File, Format Version 12.00
# Visual Studio Version 17
VisualStudioVersion = 17.8.34309.116
MinimumVisualStudioVersion = 10.0.40219.1
Project("{9A19103F-16F7-4668-BE54-9A1E7A4F7556}") = "WebApi", "WebApi\WebApi.csproj", "{7631AEBD-E110-48F1-913A-BF7B54A5E8B9}"
EndProject
Project("{9A19103F-16F7-4668-BE54-9A1E7A4F7556}") = "WebApp", "WebApp\WebApp.csproj", "{43BF1037-60A7-4ED2-8334-B87128ECEF6C}"
EndProject
Project("{9A19103F-16F7-4668-BE54-9A1E7A4F7556}") = "Infrastructure", "Infrastructure\Infrastructure.csproj", "{FAE1CAC2-7CC7-4859-85EE-EAAE592B01F4}"
EndProject
Project("{9A19103F-16F7-4668-BE54-9A1E7A4F7556}") = "Infrastructure_Api", "Infrastructure_Api\Infrastructure_Api.csproj", "{5A2742B7-90C2-4A67-A198-2E803D3305DA}"
EndProject
Global
	GlobalSection(SolutionConfigurationPlatforms) = preSolution
		Debug|Any CPU = Debug|Any CPU
		Release|Any CPU = Release|Any CPU
	EndGlobalSection
	GlobalSection(ProjectConfigurationPlatforms) = postSolution
		{7631AEBD-E110-48F1-913A-BF7B54A5E8B9}.Debug|Any CPU.ActiveCfg = Debug|Any CPU
		{7631AEBD-E110-48F1-913A-BF7B54A5E8B9}.Debug|Any CPU.Build.0 = Debug|Any CPU
		{7631AEBD-E110-48F1-913A-BF7B54A5E8B9}.Release|Any CPU.ActiveCfg = Release|Any CPU
		{7631AEBD-E110-48F1-913A-BF7B54A5E8B9}.Release|Any CPU.Build.0 = Release|Any CPU
		{43BF1037-60A7-4ED2-8334-B87128ECEF6C}.Debug|Any CPU.ActiveCfg = Debug|Any CPU
		{43BF1037-60A7-4ED2-8334-B87128ECEF6C}.Debug|Any CPU.Build.0 = Debug|Any CPU
		{43BF1037-60A7-4ED2-8334-B87128ECEF6C}.Release|Any CPU.ActiveCfg = Release|Any CPU
		{43BF1037-60A7-4ED2-8334-B87128ECEF6C}.Release|Any CPU.Build.0 = Release|Any CPU
		{FAE1CAC2-7CC7-4859-85EE-EAAE592B01F4}.Debug|Any CPU.ActiveCfg = Debug|Any CPU
		{FAE1CAC2-7CC7-4859-85EE-EAAE592B01F4}.Debug|Any CPU.Build.0 = Debug|Any CPU
		{FAE1CAC2-7CC7-4859-85EE-EAAE592B01F4}.Release|Any CPU.ActiveCfg = Release|Any CPU
		{FAE1CAC2-7CC7-4859-85EE-EAAE592B01F4}.Release|Any CPU.Build.0 = Release|Any CPU
		{5A2742B7-90C2-4A67-A198-2E803D3305DA}.Debug|Any CPU.ActiveCfg = Debug|Any CPU
		{5A2742B7-90C2-4A67-A198-2E803D3305DA}.Debug|Any CPU.Build.0 = Debug|Any CPU
		{5A2742B7-90C2-4A67-A198-2E803D3305DA}.Release|Any CPU.ActiveCfg = Release|Any CPU
		{5A2742B7-90C2-4A67-A198-2E803D3305DA}.Release|Any CPU.Build.0 = Release|Any CPU
	EndGlobalSection
	GlobalSection(SolutionProperties) = preSolution
		HideSolutionNode = FALSE
	EndGlobalSection
	GlobalSection(ExtensibilityGlobals) = postSolution
		SolutionGuid = {1E8722DF-EDDF-4249-B764-A3A904F55D72}
	EndGlobalSection
EndGlobal
